// !$*UTF8*$!
{
	archiveVersion = 1;
	classes = {
	};
	objectVersion = 56;
	objects = {

/* Begin PBXBuildFile section */
		38D64A362A52F79D0004CE24 /* TodosApp.swift in Sources */ = {isa = PBXBuildFile; fileRef = 38D64A352A52F79D0004CE24 /* TodosApp.swift */; };
		38D64A382A52F79D0004CE24 /* ContentView.swift in Sources */ = {isa = PBXBuildFile; fileRef = 38D64A372A52F79D0004CE24 /* ContentView.swift */; };
		38D64A3A2A52F79E0004CE24 /* Assets.xcassets in Resources */ = {isa = PBXBuildFile; fileRef = 38D64A392A52F79E0004CE24 /* Assets.xcassets */; };
		38D64A3D2A52F79E0004CE24 /* Preview Assets.xcassets in Resources */ = {isa = PBXBuildFile; fileRef = 38D64A3C2A52F79E0004CE24 /* Preview Assets.xcassets */; };
		38D64A442A52F7EC0004CE24 /* Item.swift in Sources */ = {isa = PBXBuildFile; fileRef = 38D64A432A52F7EC0004CE24 /* Item.swift */; };
		38D64A462A52F9F20004CE24 /* ModifyToDoView.swift in Sources */ = {isa = PBXBuildFile; fileRef = 38D64A452A52F9F20004CE24 /* ModifyToDoView.swift */; };
		38D64A482A5308280004CE24 /* UpdateToDoView.swift in Sources */ = {isa = PBXBuildFile; fileRef = 38D64A472A5308280004CE24 /* UpdateToDoView.swift */; };
		38D64A4A2A53100F0004CE24 /* CreateCategoryView.swift in Sources */ = {isa = PBXBuildFile; fileRef = 38D64A492A53100F0004CE24 /* CreateCategoryView.swift */; };
		38D64A4D2A532F810004CE24 /* TodoView.swift in Sources */ = {isa = PBXBuildFile; fileRef = 38D64A4C2A532F810004CE24 /* TodoView.swift */; };
/* End PBXBuildFile section */

/* Begin PBXFileReference section */
		3844CB8F2A53413B0054548B /* PrivacyInfo.xcprivacy */ = {isa = PBXFileReference; lastKnownFileType = text.xml; path = PrivacyInfo.xcprivacy; sourceTree = "<group>"; };
		38D64A322A52F79D0004CE24 /* Todos.app */ = {isa = PBXFileReference; explicitFileType = wrapper.application; includeInIndex = 0; path = Todos.app; sourceTree = BUILT_PRODUCTS_DIR; };
		38D64A352A52F79D0004CE24 /* TodosApp.swift */ = {isa = PBXFileReference; lastKnownFileType = sourcecode.swift; path = TodosApp.swift; sourceTree = "<group>"; };
		38D64A372A52F79D0004CE24 /* ContentView.swift */ = {isa = PBXFileReference; lastKnownFileType = sourcecode.swift; path = ContentView.swift; sourceTree = "<group>"; };
		38D64A392A52F79E0004CE24 /* Assets.xcassets */ = {isa = PBXFileReference; lastKnownFileType = folder.assetcatalog; path = Assets.xcassets; sourceTree = "<group>"; };
		38D64A3C2A52F79E0004CE24 /* Preview Assets.xcassets */ = {isa = PBXFileReference; lastKnownFileType = folder.assetcatalog; path = "Preview Assets.xcassets"; sourceTree = "<group>"; };
		38D64A432A52F7EC0004CE24 /* Item.swift */ = {isa = PBXFileReference; lastKnownFileType = sourcecode.swift; path = Item.swift; sourceTree = "<group>"; };
		38D64A452A52F9F20004CE24 /* ModifyToDoView.swift */ = {isa = PBXFileReference; lastKnownFileType = sourcecode.swift; path = ModifyToDoView.swift; sourceTree = "<group>"; };
		38D64A472A5308280004CE24 /* UpdateToDoView.swift */ = {isa = PBXFileReference; lastKnownFileType = sourcecode.swift; path = UpdateToDoView.swift; sourceTree = "<group>"; };
		38D64A492A53100F0004CE24 /* CreateCategoryView.swift */ = {isa = PBXFileReference; lastKnownFileType = sourcecode.swift; path = CreateCategoryView.swift; sourceTree = "<group>"; };
		38D64A4C2A532F810004CE24 /* TodoView.swift */ = {isa = PBXFileReference; lastKnownFileType = sourcecode.swift; path = TodoView.swift; sourceTree = "<group>"; };
/* End PBXFileReference section */

/* Begin PBXFrameworksBuildPhase section */
		38D64A2F2A52F79D0004CE24 /* Frameworks */ = {
			isa = PBXFrameworksBuildPhase;
			buildActionMask = 2147483647;
			files = (
			);
			runOnlyForDeploymentPostprocessing = 0;
		};
/* End PBXFrameworksBuildPhase section */

/* Begin PBXGroup section */
		3844CB842A533FF40054548B /* Core */ = {
			isa = PBXGroup;
			children = (
				3844CB892A53403E0054548B /* Root */,
				3844CB882A5340350054548B /* View */,
				3844CB872A5340250054548B /* Model */,
			);
			path = Core;
			sourceTree = "<group>";
		};
		3844CB852A533FFA0054548B /* App */ = {
			isa = PBXGroup;
			children = (
				38D64A352A52F79D0004CE24 /* TodosApp.swift */,
			);
			path = App;
			sourceTree = "<group>";
		};
		3844CB862A5340050054548B /* Resources */ = {
			isa = PBXGroup;
			children = (
				38D64A392A52F79E0004CE24 /* Assets.xcassets */,
			);
			path = Resources;
			sourceTree = "<group>";
		};
		3844CB872A5340250054548B /* Model */ = {
			isa = PBXGroup;
			children = (
				38D64A432A52F7EC0004CE24 /* Item.swift */,
			);
			path = Model;
			sourceTree = "<group>";
		};
		3844CB882A5340350054548B /* View */ = {
			isa = PBXGroup;
			children = (
				3844CB8B2A5340A80054548B /* Category */,
				3844CB8A2A5340840054548B /* ToDos */,
			);
			path = View;
			sourceTree = "<group>";
		};
		3844CB892A53403E0054548B /* Root */ = {
			isa = PBXGroup;
			children = (
				38D64A372A52F79D0004CE24 /* ContentView.swift */,
			);
			path = Root;
			sourceTree = "<group>";
		};
		3844CB8A2A5340840054548B /* ToDos */ = {
			isa = PBXGroup;
			children = (
				38D64A452A52F9F20004CE24 /* ModifyToDoView.swift */,
				38D64A472A5308280004CE24 /* UpdateToDoView.swift */,
				38D64A4C2A532F810004CE24 /* TodoView.swift */,
			);
			path = ToDos;
			sourceTree = "<group>";
		};
		3844CB8B2A5340A80054548B /* Category */ = {
			isa = PBXGroup;
			children = (
				38D64A492A53100F0004CE24 /* CreateCategoryView.swift */,
			);
			path = Category;
			sourceTree = "<group>";
		};
		3844CB8E2A5341090054548B /* Privacy */ = {
			isa = PBXGroup;
			children = (
				3844CB8F2A53413B0054548B /* PrivacyInfo.xcprivacy */,
			);
			path = Privacy;
			sourceTree = "<group>";
		};
		38D64A292A52F79D0004CE24 = {
			isa = PBXGroup;
			children = (
				38D64A342A52F79D0004CE24 /* Todos */,
				38D64A332A52F79D0004CE24 /* Products */,
			);
			sourceTree = "<group>";
		};
		38D64A332A52F79D0004CE24 /* Products */ = {
			isa = PBXGroup;
			children = (
				38D64A322A52F79D0004CE24 /* Todos.app */,
			);
			name = Products;
			sourceTree = "<group>";
		};
		38D64A342A52F79D0004CE24 /* Todos */ = {
			isa = PBXGroup;
			children = (
				3844CB852A533FFA0054548B /* App */,
				3844CB842A533FF40054548B /* Core */,
				38D64A3B2A52F79E0004CE24 /* Preview Content */,
				3844CB8E2A5341090054548B /* Privacy */,
				3844CB862A5340050054548B /* Resources */,
			);
			path = Todos;
			sourceTree = "<group>";
		};
		38D64A3B2A52F79E0004CE24 /* Preview Content */ = {
			isa = PBXGroup;
			children = (
				38D64A3C2A52F79E0004CE24 /* Preview Assets.xcassets */,
			);
			path = "Preview Content";
			sourceTree = "<group>";
		};
/* End PBXGroup section */

/* Begin PBXNativeTarget section */
		38D64A312A52F79D0004CE24 /* Todos */ = {
			isa = PBXNativeTarget;
			buildConfigurationList = 38D64A402A52F79E0004CE24 /* Build configuration list for PBXNativeTarget "Todos" */;
			buildPhases = (
				38D64A2E2A52F79D0004CE24 /* Sources */,
				38D64A2F2A52F79D0004CE24 /* Frameworks */,
				38D64A302A52F79D0004CE24 /* Resources */,
			);
			buildRules = (
			);
			dependencies = (
			);
			name = Todos;
			productName = Todos;
			productReference = 38D64A322A52F79D0004CE24 /* Todos.app */;
			productType = "com.apple.product-type.application";
		};
/* End PBXNativeTarget section */

/* Begin PBXProject section */
		38D64A2A2A52F79D0004CE24 /* Project object */ = {
			isa = PBXProject;
			attributes = {
				BuildIndependentTargetsInParallel = 1;
				LastSwiftUpdateCheck = 1500;
				LastUpgradeCheck = 1500;
				TargetAttributes = {
					38D64A312A52F79D0004CE24 = {
						CreatedOnToolsVersion = 15.0;
					};
				};
			};
			buildConfigurationList = 38D64A2D2A52F79D0004CE24 /* Build configuration list for PBXProject "Todos" */;
			compatibilityVersion = "Xcode 14.0";
			developmentRegion = en;
			hasScannedForEncodings = 0;
			knownRegions = (
				en,
				Base,
			);
			mainGroup = 38D64A292A52F79D0004CE24;
			productRefGroup = 38D64A332A52F79D0004CE24 /* Products */;
			projectDirPath = "";
			projectRoot = "";
			targets = (
				38D64A312A52F79D0004CE24 /* Todos */,
			);
		};
/* End PBXProject section */

/* Begin PBXResourcesBuildPhase section */
		38D64A302A52F79D0004CE24 /* Resources */ = {
			isa = PBXResourcesBuildPhase;
			buildActionMask = 2147483647;
			files = (
				38D64A3D2A52F79E0004CE24 /* Preview Assets.xcassets in Resources */,
				38D64A3A2A52F79E0004CE24 /* Assets.xcassets in Resources */,
			);
			runOnlyForDeploymentPostprocessing = 0;
		};
/* End PBXResourcesBuildPhase section */

/* Begin PBXSourcesBuildPhase section */
		38D64A2E2A52F79D0004CE24 /* Sources */ = {
			isa = PBXSourcesBuildPhase;
			buildActionMask = 2147483647;
			files = (
				38D64A4A2A53100F0004CE24 /* CreateCategoryView.swift in Sources */,
				38D64A382A52F79D0004CE24 /* ContentView.swift in Sources */,
				38D64A4D2A532F810004CE24 /* TodoView.swift in Sources */,
				38D64A362A52F79D0004CE24 /* TodosApp.swift in Sources */,
				38D64A462A52F9F20004CE24 /* ModifyToDoView.swift in Sources */,
				38D64A482A5308280004CE24 /* UpdateToDoView.swift in Sources */,
				38D64A442A52F7EC0004CE24 /* Item.swift in Sources */,
			);
			runOnlyForDeploymentPostprocessing = 0;
		};
/* End PBXSourcesBuildPhase section */

/* Begin XCBuildConfiguration section */
		38D64A3E2A52F79E0004CE24 /* Debug */ = {
			isa = XCBuildConfiguration;
			buildSettings = {
				ALWAYS_SEARCH_USER_PATHS = NO;
				ASSETCATALOG_COMPILER_GENERATE_SWIFT_ASSET_SYMBOL_EXTENSIONS = YES;
				CLANG_ANALYZER_NONNULL = YES;
				CLANG_ANALYZER_NUMBER_OBJECT_CONVERSION = YES_AGGRESSIVE;
				CLANG_CXX_LANGUAGE_STANDARD = "gnu++20";
				CLANG_ENABLE_MODULES = YES;
				CLANG_ENABLE_OBJC_ARC = YES;
				CLANG_ENABLE_OBJC_WEAK = YES;
				CLANG_WARN_BLOCK_CAPTURE_AUTORELEASING = YES;
				CLANG_WARN_BOOL_CONVERSION = YES;
				CLANG_WARN_COMMA = YES;
				CLANG_WARN_CONSTANT_CONVERSION = YES;
				CLANG_WARN_DEPRECATED_OBJC_IMPLEMENTATIONS = YES;
				CLANG_WARN_DIRECT_OBJC_ISA_USAGE = YES_ERROR;
				CLANG_WARN_DOCUMENTATION_COMMENTS = YES;
				CLANG_WARN_EMPTY_BODY = YES;
				CLANG_WARN_ENUM_CONVERSION = YES;
				CLANG_WARN_INFINITE_RECURSION = YES;
				CLANG_WARN_INT_CONVERSION = YES;
				CLANG_WARN_NON_LITERAL_NULL_CONVERSION = YES;
				CLANG_WARN_OBJC_IMPLICIT_RETAIN_SELF = YES;
				CLANG_WARN_OBJC_LITERAL_CONVERSION = YES;
				CLANG_WARN_OBJC_ROOT_CLASS = YES_ERROR;
				CLANG_WARN_QUOTED_INCLUDE_IN_FRAMEWORK_HEADER = YES;
				CLANG_WARN_RANGE_LOOP_ANALYSIS = YES;
				CLANG_WARN_STRICT_PROTOTYPES = YES;
				CLANG_WARN_SUSPICIOUS_MOVE = YES;
				CLANG_WARN_UNGUARDED_AVAILABILITY = YES_AGGRESSIVE;
				CLANG_WARN_UNREACHABLE_CODE = YES;
				CLANG_WARN__DUPLICATE_METHOD_MATCH = YES;
				COPY_PHASE_STRIP = NO;
				DEBUG_INFORMATION_FORMAT = dwarf;
				ENABLE_STRICT_OBJC_MSGSEND = YES;
				ENABLE_TESTABILITY = YES;
				ENABLE_USER_SCRIPT_SANDBOXING = YES;
				GCC_C_LANGUAGE_STANDARD = gnu17;
				GCC_DYNAMIC_NO_PIC = NO;
				GCC_NO_COMMON_BLOCKS = YES;
				GCC_OPTIMIZATION_LEVEL = 0;
				GCC_PREPROCESSOR_DEFINITIONS = (
					"DEBUG=1",
					"$(inherited)",
				);
				GCC_WARN_64_TO_32_BIT_CONVERSION = YES;
				GCC_WARN_ABOUT_RETURN_TYPE = YES_ERROR;
				GCC_WARN_UNDECLARED_SELECTOR = YES;
				GCC_WARN_UNINITIALIZED_AUTOS = YES_AGGRESSIVE;
				GCC_WARN_UNUSED_FUNCTION = YES;
				GCC_WARN_UNUSED_VARIABLE = YES;
				IPHONEOS_DEPLOYMENT_TARGET = 17.0;
				LOCALIZATION_PREFERS_STRING_CATALOGS = YES;
				MTL_ENABLE_DEBUG_INFO = INCLUDE_SOURCE;
				MTL_FAST_MATH = YES;
				ONLY_ACTIVE_ARCH = YES;
				SDKROOT = iphoneos;
				SWIFT_ACTIVE_COMPILATION_CONDITIONS = "DEBUG $(inherited)";
				SWIFT_OPTIMIZATION_LEVEL = "-Onone";
			};
			name = Debug;
		};
		38D64A3F2A52F79E0004CE24 /* Release */ = {
			isa = XCBuildConfiguration;
			buildSettings = {
				ALWAYS_SEARCH_USER_PATHS = NO;
				ASSETCATALOG_COMPILER_GENERATE_SWIFT_ASSET_SYMBOL_EXTENSIONS = YES;
				CLANG_ANALYZER_NONNULL = YES;
				CLANG_ANALYZER_NUMBER_OBJECT_CONVERSION = YES_AGGRESSIVE;
				CLANG_CXX_LANGUAGE_STANDARD = "gnu++20";
				CLANG_ENABLE_MODULES = YES;
				CLANG_ENABLE_OBJC_ARC = YES;
				CLANG_ENABLE_OBJC_WEAK = YES;
				CLANG_WARN_BLOCK_CAPTURE_AUTORELEASING = YES;
				CLANG_WARN_BOOL_CONVERSION = YES;
				CLANG_WARN_COMMA = YES;
				CLANG_WARN_CONSTANT_CONVERSION = YES;
				CLANG_WARN_DEPRECATED_OBJC_IMPLEMENTATIONS = YES;
				CLANG_WARN_DIRECT_OBJC_ISA_USAGE = YES_ERROR;
				CLANG_WARN_DOCUMENTATION_COMMENTS = YES;
				CLANG_WARN_EMPTY_BODY = YES;
				CLANG_WARN_ENUM_CONVERSION = YES;
				CLANG_WARN_INFINITE_RECURSION = YES;
				CLANG_WARN_INT_CONVERSION = YES;
				CLANG_WARN_NON_LITERAL_NULL_CONVERSION = YES;
				CLANG_WARN_OBJC_IMPLICIT_RETAIN_SELF = YES;
				CLANG_WARN_OBJC_LITERAL_CONVERSION = YES;
				CLANG_WARN_OBJC_ROOT_CLASS = YES_ERROR;
				CLANG_WARN_QUOTED_INCLUDE_IN_FRAMEWORK_HEADER = YES;
				CLANG_WARN_RANGE_LOOP_ANALYSIS = YES;
				CLANG_WARN_STRICT_PROTOTYPES = YES;
				CLANG_WARN_SUSPICIOUS_MOVE = YES;
				CLANG_WARN_UNGUARDED_AVAILABILITY = YES_AGGRESSIVE;
				CLANG_WARN_UNREACHABLE_CODE = YES;
				CLANG_WARN__DUPLICATE_METHOD_MATCH = YES;
				COPY_PHASE_STRIP = NO;
				DEBUG_INFORMATION_FORMAT = "dwarf-with-dsym";
				ENABLE_NS_ASSERTIONS = NO;
				ENABLE_STRICT_OBJC_MSGSEND = YES;
				ENABLE_USER_SCRIPT_SANDBOXING = YES;
				GCC_C_LANGUAGE_STANDARD = gnu17;
				GCC_NO_COMMON_BLOCKS = YES;
				GCC_WARN_64_TO_32_BIT_CONVERSION = YES;
				GCC_WARN_ABOUT_RETURN_TYPE = YES_ERROR;
				GCC_WARN_UNDECLARED_SELECTOR = YES;
				GCC_WARN_UNINITIALIZED_AUTOS = YES_AGGRESSIVE;
				GCC_WARN_UNUSED_FUNCTION = YES;
				GCC_WARN_UNUSED_VARIABLE = YES;
				IPHONEOS_DEPLOYMENT_TARGET = 17.0;
				LOCALIZATION_PREFERS_STRING_CATALOGS = YES;
				MTL_ENABLE_DEBUG_INFO = NO;
				MTL_FAST_MATH = YES;
				SDKROOT = iphoneos;
				SWIFT_COMPILATION_MODE = wholemodule;
				VALIDATE_PRODUCT = YES;
			};
			name = Release;
		};
		38D64A412A52F79E0004CE24 /* Debug */ = {
			isa = XCBuildConfiguration;
			buildSettings = {
				ASSETCATALOG_COMPILER_APPICON_NAME = AppIcon;
				ASSETCATALOG_COMPILER_GLOBAL_ACCENT_COLOR_NAME = AccentColor;
				CODE_SIGN_STYLE = Automatic;
				CURRENT_PROJECT_VERSION = 1;
				DEVELOPMENT_ASSET_PATHS = "\"Todos/Preview Content\"";
				DEVELOPMENT_TEAM = W93RMB5CDG;
				ENABLE_PREVIEWS = YES;
				GENERATE_INFOPLIST_FILE = YES;
				INFOPLIST_KEY_UIApplicationSceneManifest_Generation = YES;
				INFOPLIST_KEY_UIApplicationSupportsIndirectInputEvents = YES;
				INFOPLIST_KEY_UILaunchScreen_Generation = YES;
				INFOPLIST_KEY_UISupportedInterfaceOrientations_iPad = "UIInterfaceOrientationPortrait UIInterfaceOrientationPortraitUpsideDown UIInterfaceOrientationLandscapeLeft UIInterfaceOrientationLandscapeRight";
				INFOPLIST_KEY_UISupportedInterfaceOrientations_iPhone = "UIInterfaceOrientationPortrait UIInterfaceOrientationLandscapeLeft UIInterfaceOrientationLandscapeRight";
				LD_RUNPATH_SEARCH_PATHS = (
					"$(inherited)",
					"@executable_path/Frameworks",
				);
				MARKETING_VERSION = 1.0;
				PRODUCT_BUNDLE_IDENTIFIER = com.nhstudio.Todos;
				PRODUCT_NAME = "$(TARGET_NAME)";
				SWIFT_EMIT_LOC_STRINGS = YES;
				SWIFT_VERSION = 5.0;
				TARGETED_DEVICE_FAMILY = "1,2";
			};
			name = Debug;
		};
		38D64A422A52F79E0004CE24 /* Release */ = {
			isa = XCBuildConfiguration;
			buildSettings = {
				ASSETCATALOG_COMPILER_APPICON_NAME = AppIcon;
				ASSETCATALOG_COMPILER_GLOBAL_ACCENT_COLOR_NAME = AccentColor;
				CODE_SIGN_STYLE = Automatic;
				CURRENT_PROJECT_VERSION = 1;
				DEVELOPMENT_ASSET_PATHS = "\"Todos/Preview Content\"";
				DEVELOPMENT_TEAM = W93RMB5CDG;
				ENABLE_PREVIEWS = YES;
				GENERATE_INFOPLIST_FILE = YES;
				INFOPLIST_KEY_UIApplicationSceneManifest_Generation = YES;
				INFOPLIST_KEY_UIApplicationSupportsIndirectInputEvents = YES;
				INFOPLIST_KEY_UILaunchScreen_Generation = YES;
				INFOPLIST_KEY_UISupportedInterfaceOrientations_iPad = "UIInterfaceOrientationPortrait UIInterfaceOrientationPortraitUpsideDown UIInterfaceOrientationLandscapeLeft UIInterfaceOrientationLandscapeRight";
				INFOPLIST_KEY_UISupportedInterfaceOrientations_iPhone = "UIInterfaceOrientationPortrait UIInterfaceOrientationLandscapeLeft UIInterfaceOrientationLandscapeRight";
				LD_RUNPATH_SEARCH_PATHS = (
					"$(inherited)",
					"@executable_path/Frameworks",
				);
				MARKETING_VERSION = 1.0;
				PRODUCT_BUNDLE_IDENTIFIER = com.nhstudio.Todos;
				PRODUCT_NAME = "$(TARGET_NAME)";
				SWIFT_EMIT_LOC_STRINGS = YES;
				SWIFT_VERSION = 5.0;
				TARGETED_DEVICE_FAMILY = "1,2";
			};
			name = Release;
		};
/* End XCBuildConfiguration section */

/* Begin XCConfigurationList section */
		38D64A2D2A52F79D0004CE24 /* Build configuration list for PBXProject "Todos" */ = {
			isa = XCConfigurationList;
			buildConfigurations = (
				38D64A3E2A52F79E0004CE24 /* Debug */,
				38D64A3F2A52F79E0004CE24 /* Release */,
			);
			defaultConfigurationIsVisible = 0;
			defaultConfigurationName = Release;
		};
		38D64A402A52F79E0004CE24 /* Build configuration list for PBXNativeTarget "Todos" */ = {
			isa = XCConfigurationList;
			buildConfigurations = (
				38D64A412A52F79E0004CE24 /* Debug */,
				38D64A422A52F79E0004CE24 /* Release */,
			);
			defaultConfigurationIsVisible = 0;
			defaultConfigurationName = Release;
		};
/* End XCConfigurationList section */
	};
	rootObject = 38D64A2A2A52F79D0004CE24 /* Project object */;
}
